
Microsoft Visual Studio Solution File, Format Version 12.00
# Visual Studio 15
VisualStudioVersion = 15.0.26730.12
MinimumVisualStudioVersion = 10.0.40219.1
Project("{8BC9CEB8-8B4A-11D0-8D11-00A0C91BC942}") = "368_17_1", "368_17_1\368_17_1.vcxproj", "{53DEF1FF-78A6-4A63-83A5-EA6D7830EE74}"
EndProject
Global
	GlobalSection(SolutionConfigurationPlatforms) = preSolution
		Debug|x64 = Debug|x64
		Debug|x86 = Debug|x86
		Release|x64 = Release|x64
		Release|x86 = Release|x86
	EndGlobalSection
	GlobalSection(ProjectConfigurationPlatforms) = postSolution
		{53DEF1FF-78A6-4A63-83A5-EA6D7830EE74}.Debug|x64.ActiveCfg = Debug|x64
		{53DEF1FF-78A6-4A63-83A5-EA6D7830EE74}.Debug|x64.Build.0 = Debug|x64
		{53DEF1FF-78A6-4A63-83A5-EA6D7830EE74}.Debug|x86.ActiveCfg = Debug|Win32
		{53DEF1FF-78A6-4A63-83A5-EA6D7830EE74}.Debug|x86.Build.0 = Debug|Win32
		{53DEF1FF-78A6-4A63-83A5-EA6D7830EE74}.Release|x64.ActiveCfg = Release|x64
		{53DEF1FF-78A6-4A63-83A5-EA6D7830EE74}.Release|x64.Build.0 = Release|x64
		{53DEF1FF-78A6-4A63-83A5-EA6D7830EE74}.Release|x86.ActiveCfg = Release|Win32
		{53DEF1FF-78A6-4A63-83A5-EA6D7830EE74}.Release|x86.Build.0 = Release|Win32
	EndGlobalSection
	GlobalSection(SolutionProperties) = preSolution
		HideSolutionNode = FALSE
	EndGlobalSection
	GlobalSection(ExtensibilityGlobals) = postSolution
		SolutionGuid = {EDDB246B-AFB3-455B-81CC-8226FF11D023}
	EndGlobalSection
EndGlobal
